{
  "nodes": {
    "nixpkgs": {
      "locked": {
        "lastModified": 1743127044,
        "narHash": "sha256-pyUDGDOsrIHdRTyfJ+JmeIELqso3Ay5bTexFowrYoiw=",
        "owner": "NixOS",
        "repo": "nixpkgs",
        "rev": "92a149cf0b9bda6bc64ce7737292e8d95aaac6f7",
        "type": "github"
      },
      "original": {
        "owner": "NixOS",
        "repo": "nixpkgs",
        "type": "github"
      }
    },
    "root": {
      "inputs": {
        "nixpkgs": "nixpkgs"
      }
    }
  },
  "root": "root",
  "version": 7
}
